// !$*UTF8*$!
{
	archiveVersion = 1;
	classes = {
	};
	objectVersion = 56;
	objects = {

/* Begin PBXBuildFile section */
		CCD3C8A72C2192BE00EC9C6B /* TestProjectApp.swift in Sources */ = {isa = PBXBuildFile; fileRef = CCD3C8A62C2192BE00EC9C6B /* TestProjectApp.swift */; };
		CCD3C8A92C2192BE00EC9C6B /* ContentView.swift in Sources */ = {isa = PBXBuildFile; fileRef = CCD3C8A82C2192BE00EC9C6B /* ContentView.swift */; };
		CCD3C8AB2C2192BF00EC9C6B /* Assets.xcassets in Resources */ = {isa = PBXBuildFile; fileRef = CCD3C8AA2C2192BF00EC9C6B /* Assets.xcassets */; };
		CCD3C8AE2C2192BF00EC9C6B /* Preview Assets.xcassets in Resources */ = {isa = PBXBuildFile; fileRef = CCD3C8AD2C2192BF00EC9C6B /* Preview Assets.xcassets */; };
		CCD3C8B82C2192BF00EC9C6B /* TestProjectTests.swift in Sources */ = {isa = PBXBuildFile; fileRef = CCD3C8B72C2192BF00EC9C6B /* TestProjectTests.swift */; };
		CCD3C8C22C2192BF00EC9C6B /* TestProjectUITests.swift in Sources */ = {isa = PBXBuildFile; fileRef = CCD3C8C12C2192BF00EC9C6B /* TestProjectUITests.swift */; };
		CCD3C8C42C2192BF00EC9C6B /* TestProjectUITestsLaunchTests.swift in Sources */ = {isa = PBXBuildFile; fileRef = CCD3C8C32C2192BF00EC9C6B /* TestProjectUITestsLaunchTests.swift */; };
		CCE54F082C23B958009C7063 /* CountView.swift in Sources */ = {isa = PBXBuildFile; fileRef = CCE54F072C23B958009C7063 /* CountView.swift */; };
/* End PBXBuildFile section */

/* Begin PBXContainerItemProxy section */
		CCD3C8B42C2192BF00EC9C6B /* PBXContainerItemProxy */ = {
			isa = PBXContainerItemProxy;
			containerPortal = CCD3C89B2C2192BE00EC9C6B /* Project object */;
			proxyType = 1;
			remoteGlobalIDString = CCD3C8A22C2192BE00EC9C6B;
			remoteInfo = TestProject;
		};
		CCD3C8BE2C2192BF00EC9C6B /* PBXContainerItemProxy */ = {
			isa = PBXContainerItemProxy;
			containerPortal = CCD3C89B2C2192BE00EC9C6B /* Project object */;
			proxyType = 1;
			remoteGlobalIDString = CCD3C8A22C2192BE00EC9C6B;
			remoteInfo = TestProject;
		};
/* End PBXContainerItemProxy section */

/* Begin PBXFileReference section */
		CCD3C8A32C2192BE00EC9C6B /* TestProject.app */ = {isa = PBXFileReference; explicitFileType = wrapper.application; includeInIndex = 0; path = TestProject.app; sourceTree = BUILT_PRODUCTS_DIR; };
		CCD3C8A62C2192BE00EC9C6B /* TestProjectApp.swift */ = {isa = PBXFileReference; lastKnownFileType = sourcecode.swift; path = TestProjectApp.swift; sourceTree = "<group>"; };
		CCD3C8A82C2192BE00EC9C6B /* ContentView.swift */ = {isa = PBXFileReference; lastKnownFileType = sourcecode.swift; path = ContentView.swift; sourceTree = "<group>"; };
		CCD3C8AA2C2192BF00EC9C6B /* Assets.xcassets */ = {isa = PBXFileReference; lastKnownFileType = folder.assetcatalog; path = Assets.xcassets; sourceTree = "<group>"; };
		CCD3C8AD2C2192BF00EC9C6B /* Preview Assets.xcassets */ = {isa = PBXFileReference; lastKnownFileType = folder.assetcatalog; path = "Preview Assets.xcassets"; sourceTree = "<group>"; };
		CCD3C8B32C2192BF00EC9C6B /* TestProjectTests.xctest */ = {isa = PBXFileReference; explicitFileType = wrapper.cfbundle; includeInIndex = 0; path = TestProjectTests.xctest; sourceTree = BUILT_PRODUCTS_DIR; };
		CCD3C8B72C2192BF00EC9C6B /* TestProjectTests.swift */ = {isa = PBXFileReference; lastKnownFileType = sourcecode.swift; path = TestProjectTests.swift; sourceTree = "<group>"; };
		CCD3C8BD2C2192BF00EC9C6B /* TestProjectUITests.xctest */ = {isa = PBXFileReference; explicitFileType = wrapper.cfbundle; includeInIndex = 0; path = TestProjectUITests.xctest; sourceTree = BUILT_PRODUCTS_DIR; };
		CCD3C8C12C2192BF00EC9C6B /* TestProjectUITests.swift */ = {isa = PBXFileReference; lastKnownFileType = sourcecode.swift; path = TestProjectUITests.swift; sourceTree = "<group>"; };
		CCD3C8C32C2192BF00EC9C6B /* TestProjectUITestsLaunchTests.swift */ = {isa = PBXFileReference; lastKnownFileType = sourcecode.swift; path = TestProjectUITestsLaunchTests.swift; sourceTree = "<group>"; };
		CCE54F072C23B958009C7063 /* CountView.swift */ = {isa = PBXFileReference; lastKnownFileType = sourcecode.swift; path = CountView.swift; sourceTree = "<group>"; };
/* End PBXFileReference section */

/* Begin PBXFrameworksBuildPhase section */
		CCD3C8A02C2192BE00EC9C6B /* Frameworks */ = {
			isa = PBXFrameworksBuildPhase;
			buildActionMask = 2147483647;
			files = (
			);
			runOnlyForDeploymentPostprocessing = 0;
		};
		CCD3C8B02C2192BF00EC9C6B /* Frameworks */ = {
			isa = PBXFrameworksBuildPhase;
			buildActionMask = 2147483647;
			files = (
			);
			runOnlyForDeploymentPostprocessing = 0;
		};
		CCD3C8BA2C2192BF00EC9C6B /* Frameworks */ = {
			isa = PBXFrameworksBuildPhase;
			buildActionMask = 2147483647;
			files = (
			);
			runOnlyForDeploymentPostprocessing = 0;
		};
/* End PBXFrameworksBuildPhase section */

/* Begin PBXGroup section */
		CCD3C89A2C2192BE00EC9C6B = {
			isa = PBXGroup;
			children = (
				CCD3C8A52C2192BE00EC9C6B /* TestProject */,
				CCD3C8B62C2192BF00EC9C6B /* TestProjectTests */,
				CCD3C8C02C2192BF00EC9C6B /* TestProjectUITests */,
				CCD3C8A42C2192BE00EC9C6B /* Products */,
			);
			sourceTree = "<group>";
		};
		CCD3C8A42C2192BE00EC9C6B /* Products */ = {
			isa = PBXGroup;
			children = (
				CCD3C8A32C2192BE00EC9C6B /* TestProject.app */,
				CCD3C8B32C2192BF00EC9C6B /* TestProjectTests.xctest */,
				CCD3C8BD2C2192BF00EC9C6B /* TestProjectUITests.xctest */,
			);
			name = Products;
			sourceTree = "<group>";
		};
		CCD3C8A52C2192BE00EC9C6B /* TestProject */ = {
			isa = PBXGroup;
			children = (
				CCD3C8A62C2192BE00EC9C6B /* TestProjectApp.swift */,
				CCD3C8A82C2192BE00EC9C6B /* ContentView.swift */,
				CCE54F072C23B958009C7063 /* CountView.swift */,
				CCD3C8AA2C2192BF00EC9C6B /* Assets.xcassets */,
				CCD3C8AC2C2192BF00EC9C6B /* Preview Content */,
			);
			path = TestProject;
			sourceTree = "<group>";
		};
		CCD3C8AC2C2192BF00EC9C6B /* Preview Content */ = {
			isa = PBXGroup;
			children = (
				CCD3C8AD2C2192BF00EC9C6B /* Preview Assets.xcassets */,
			);
			path = "Preview Content";
			sourceTree = "<group>";
		};
		CCD3C8B62C2192BF00EC9C6B /* TestProjectTests */ = {
			isa = PBXGroup;
			children = (
				CCD3C8B72C2192BF00EC9C6B /* TestProjectTests.swift */,
			);
			path = TestProjectTests;
			sourceTree = "<group>";
		};
		CCD3C8C02C2192BF00EC9C6B /* TestProjectUITests */ = {
			isa = PBXGroup;
			children = (
				CCD3C8C12C2192BF00EC9C6B /* TestProjectUITests.swift */,
				CCD3C8C32C2192BF00EC9C6B /* TestProjectUITestsLaunchTests.swift */,
			);
			path = TestProjectUITests;
			sourceTree = "<group>";
		};
/* End PBXGroup section */

/* Begin PBXNativeTarget section */
		CCD3C8A22C2192BE00EC9C6B /* TestProject */ = {
			isa = PBXNativeTarget;
			buildConfigurationList = CCD3C8C72C2192BF00EC9C6B /* Build configuration list for PBXNativeTarget "TestProject" */;
			buildPhases = (
				CCD3C89F2C2192BE00EC9C6B /* Sources */,
				CCD3C8A02C2192BE00EC9C6B /* Frameworks */,
				CCD3C8A12C2192BE00EC9C6B /* Resources */,
			);
			buildRules = (
			);
			dependencies = (
			);
			name = TestProject;
			productName = TestProject;
			productReference = CCD3C8A32C2192BE00EC9C6B /* TestProject.app */;
			productType = "com.apple.product-type.application";
		};
		CCD3C8B22C2192BF00EC9C6B /* TestProjectTests */ = {
			isa = PBXNativeTarget;
			buildConfigurationList = CCD3C8CA2C2192BF00EC9C6B /* Build configuration list for PBXNativeTarget "TestProjectTests" */;
			buildPhases = (
				CCD3C8AF2C2192BF00EC9C6B /* Sources */,
				CCD3C8B02C2192BF00EC9C6B /* Frameworks */,
				CCD3C8B12C2192BF00EC9C6B /* Resources */,
			);
			buildRules = (
			);
			dependencies = (
				CCD3C8B52C2192BF00EC9C6B /* PBXTargetDependency */,
			);
			name = TestProjectTests;
			productName = TestProjectTests;
			productReference = CCD3C8B32C2192BF00EC9C6B /* TestProjectTests.xctest */;
			productType = "com.apple.product-type.bundle.unit-test";
		};
		CCD3C8BC2C2192BF00EC9C6B /* TestProjectUITests */ = {
			isa = PBXNativeTarget;
			buildConfigurationList = CCD3C8CD2C2192BF00EC9C6B /* Build configuration list for PBXNativeTarget "TestProjectUITests" */;
			buildPhases = (
				CCD3C8B92C2192BF00EC9C6B /* Sources */,
				CCD3C8BA2C2192BF00EC9C6B /* Frameworks */,
				CCD3C8BB2C2192BF00EC9C6B /* Resources */,
			);
			buildRules = (
			);
			dependencies = (
				CCD3C8BF2C2192BF00EC9C6B /* PBXTargetDependency */,
			);
			name = TestProjectUITests;
			productName = TestProjectUITests;
			productReference = CCD3C8BD2C2192BF00EC9C6B /* TestProjectUITests.xctest */;
			productType = "com.apple.product-type.bundle.ui-testing";
		};
/* End PBXNativeTarget section */

/* Begin PBXProject section */
		CCD3C89B2C2192BE00EC9C6B /* Project object */ = {
			isa = PBXProject;
			attributes = {
				BuildIndependentTargetsInParallel = 1;
				LastSwiftUpdateCheck = 1540;
				LastUpgradeCheck = 1540;
				TargetAttributes = {
					CCD3C8A22C2192BE00EC9C6B = {
						CreatedOnToolsVersion = 15.4;
					};
					CCD3C8B22C2192BF00EC9C6B = {
						CreatedOnToolsVersion = 15.4;
						TestTargetID = CCD3C8A22C2192BE00EC9C6B;
					};
					CCD3C8BC2C2192BF00EC9C6B = {
						CreatedOnToolsVersion = 15.4;
						TestTargetID = CCD3C8A22C2192BE00EC9C6B;
					};
				};
			};
			buildConfigurationList = CCD3C89E2C2192BE00EC9C6B /* Build configuration list for PBXProject "TestProject" */;
			compatibilityVersion = "Xcode 14.0";
			developmentRegion = en;
			hasScannedForEncodings = 0;
			knownRegions = (
				en,
				Base,
			);
			mainGroup = CCD3C89A2C2192BE00EC9C6B;
			productRefGroup = CCD3C8A42C2192BE00EC9C6B /* Products */;
			projectDirPath = "";
			projectRoot = "";
			targets = (
				CCD3C8A22C2192BE00EC9C6B /* TestProject */,
				CCD3C8B22C2192BF00EC9C6B /* TestProjectTests */,
				CCD3C8BC2C2192BF00EC9C6B /* TestProjectUITests */,
			);
		};
/* End PBXProject section */

/* Begin PBXResourcesBuildPhase section */
		CCD3C8A12C2192BE00EC9C6B /* Resources */ = {
			isa = PBXResourcesBuildPhase;
			buildActionMask = 2147483647;
			files = (
				CCD3C8AE2C2192BF00EC9C6B /* Preview Assets.xcassets in Resources */,
				CCD3C8AB2C2192BF00EC9C6B /* Assets.xcassets in Resources */,
			);
			runOnlyForDeploymentPostprocessing = 0;
		};
		CCD3C8B12C2192BF00EC9C6B /* Resources */ = {
			isa = PBXResourcesBuildPhase;
			buildActionMask = 2147483647;
			files = (
			);
			runOnlyForDeploymentPostprocessing = 0;
		};
		CCD3C8BB2C2192BF00EC9C6B /* Resources */ = {
			isa = PBXResourcesBuildPhase;
			buildActionMask = 2147483647;
			files = (
			);
			runOnlyForDeploymentPostprocessing = 0;
		};
/* End PBXResourcesBuildPhase section */

/* Begin PBXSourcesBuildPhase section */
		CCD3C89F2C2192BE00EC9C6B /* Sources */ = {
			isa = PBXSourcesBuildPhase;
			buildActionMask = 2147483647;
			files = (
				CCD3C8A92C2192BE00EC9C6B /* ContentView.swift in Sources */,
				CCD3C8A72C2192BE00EC9C6B /* TestProjectApp.swift in Sources */,
				CCE54F082C23B958009C7063 /* CountView.swift in Sources */,
			);
			runOnlyForDeploymentPostprocessing = 0;
		};
		CCD3C8AF2C2192BF00EC9C6B /* Sources */ = {
			isa = PBXSourcesBuildPhase;
			buildActionMask = 2147483647;
			files = (
				CCD3C8B82C2192BF00EC9C6B /* TestProjectTests.swift in Sources */,
			);
			runOnlyForDeploymentPostprocessing = 0;
		};
		CCD3C8B92C2192BF00EC9C6B /* Sources */ = {
			isa = PBXSourcesBuildPhase;
			buildActionMask = 2147483647;
			files = (
				CCD3C8C42C2192BF00EC9C6B /* TestProjectUITestsLaunchTests.swift in Sources */,
				CCD3C8C22C2192BF00EC9C6B /* TestProjectUITests.swift in Sources */,
			);
			runOnlyForDeploymentPostprocessing = 0;
		};
/* End PBXSourcesBuildPhase section */

/* Begin PBXTargetDependency section */
		CCD3C8B52C2192BF00EC9C6B /* PBXTargetDependency */ = {
			isa = PBXTargetDependency;
			target = CCD3C8A22C2192BE00EC9C6B /* TestProject */;
			targetProxy = CCD3C8B42C2192BF00EC9C6B /* PBXContainerItemProxy */;
		};
		CCD3C8BF2C2192BF00EC9C6B /* PBXTargetDependency */ = {
			isa = PBXTargetDependency;
			target = CCD3C8A22C2192BE00EC9C6B /* TestProject */;
			targetProxy = CCD3C8BE2C2192BF00EC9C6B /* PBXContainerItemProxy */;
		};
/* End PBXTargetDependency section */

/* Begin XCBuildConfiguration section */
		CCD3C8C52C2192BF00EC9C6B /* Debug */ = {
			isa = XCBuildConfiguration;
			buildSettings = {
				ALWAYS_SEARCH_USER_PATHS = NO;
				ASSETCATALOG_COMPILER_GENERATE_SWIFT_ASSET_SYMBOL_EXTENSIONS = YES;
				CLANG_ANALYZER_NONNULL = YES;
				CLANG_ANALYZER_NUMBER_OBJECT_CONVERSION = YES_AGGRESSIVE;
				CLANG_CXX_LANGUAGE_STANDARD = "gnu++20";
				CLANG_ENABLE_MODULES = YES;
				CLANG_ENABLE_OBJC_ARC = YES;
				CLANG_ENABLE_OBJC_WEAK = YES;
				CLANG_WARN_BLOCK_CAPTURE_AUTORELEASING = YES;
				CLANG_WARN_BOOL_CONVERSION = YES;
				CLANG_WARN_COMMA = YES;
				CLANG_WARN_CONSTANT_CONVERSION = YES;
				CLANG_WARN_DEPRECATED_OBJC_IMPLEMENTATIONS = YES;
				CLANG_WARN_DIRECT_OBJC_ISA_USAGE = YES_ERROR;
				CLANG_WARN_DOCUMENTATION_COMMENTS = YES;
				CLANG_WARN_EMPTY_BODY = YES;
				CLANG_WARN_ENUM_CONVERSION = YES;
				CLANG_WARN_INFINITE_RECURSION = YES;
				CLANG_WARN_INT_CONVERSION = YES;
				CLANG_WARN_NON_LITERAL_NULL_CONVERSION = YES;
				CLANG_WARN_OBJC_IMPLICIT_RETAIN_SELF = YES;
				CLANG_WARN_OBJC_LITERAL_CONVERSION = YES;
				CLANG_WARN_OBJC_ROOT_CLASS = YES_ERROR;
				CLANG_WARN_QUOTED_INCLUDE_IN_FRAMEWORK_HEADER = YES;
				CLANG_WARN_RANGE_LOOP_ANALYSIS = YES;
				CLANG_WARN_STRICT_PROTOTYPES = YES;
				CLANG_WARN_SUSPICIOUS_MOVE = YES;
				CLANG_WARN_UNGUARDED_AVAILABILITY = YES_AGGRESSIVE;
				CLANG_WARN_UNREACHABLE_CODE = YES;
				CLANG_WARN__DUPLICATE_METHOD_MATCH = YES;
				COPY_PHASE_STRIP = NO;
				DEBUG_INFORMATION_FORMAT = dwarf;
				ENABLE_STRICT_OBJC_MSGSEND = YES;
				ENABLE_TESTABILITY = YES;
				ENABLE_USER_SCRIPT_SANDBOXING = YES;
				GCC_C_LANGUAGE_STANDARD = gnu17;
				GCC_DYNAMIC_NO_PIC = NO;
				GCC_NO_COMMON_BLOCKS = YES;
				GCC_OPTIMIZATION_LEVEL = 0;
				GCC_PREPROCESSOR_DEFINITIONS = (
					"DEBUG=1",
					"$(inherited)",
				);
				GCC_WARN_64_TO_32_BIT_CONVERSION = YES;
				GCC_WARN_ABOUT_RETURN_TYPE = YES_ERROR;
				GCC_WARN_UNDECLARED_SELECTOR = YES;
				GCC_WARN_UNINITIALIZED_AUTOS = YES_AGGRESSIVE;
				GCC_WARN_UNUSED_FUNCTION = YES;
				GCC_WARN_UNUSED_VARIABLE = YES;
				IPHONEOS_DEPLOYMENT_TARGET = 17.5;
				LOCALIZATION_PREFERS_STRING_CATALOGS = YES;
				MTL_ENABLE_DEBUG_INFO = INCLUDE_SOURCE;
				MTL_FAST_MATH = YES;
				ONLY_ACTIVE_ARCH = YES;
				SDKROOT = iphoneos;
				SWIFT_ACTIVE_COMPILATION_CONDITIONS = "DEBUG $(inherited)";
				SWIFT_OPTIMIZATION_LEVEL = "-Onone";
			};
			name = Debug;
		};
		CCD3C8C62C2192BF00EC9C6B /* Release */ = {
			isa = XCBuildConfiguration;
			buildSettings = {
				ALWAYS_SEARCH_USER_PATHS = NO;
				ASSETCATALOG_COMPILER_GENERATE_SWIFT_ASSET_SYMBOL_EXTENSIONS = YES;
				CLANG_ANALYZER_NONNULL = YES;
				CLANG_ANALYZER_NUMBER_OBJECT_CONVERSION = YES_AGGRESSIVE;
				CLANG_CXX_LANGUAGE_STANDARD = "gnu++20";
				CLANG_ENABLE_MODULES = YES;
				CLANG_ENABLE_OBJC_ARC = YES;
				CLANG_ENABLE_OBJC_WEAK = YES;
				CLANG_WARN_BLOCK_CAPTURE_AUTORELEASING = YES;
				CLANG_WARN_BOOL_CONVERSION = YES;
				CLANG_WARN_COMMA = YES;
				CLANG_WARN_CONSTANT_CONVERSION = YES;
				CLANG_WARN_DEPRECATED_OBJC_IMPLEMENTATIONS = YES;
				CLANG_WARN_DIRECT_OBJC_ISA_USAGE = YES_ERROR;
				CLANG_WARN_DOCUMENTATION_COMMENTS = YES;
				CLANG_WARN_EMPTY_BODY = YES;
				CLANG_WARN_ENUM_CONVERSION = YES;
				CLANG_WARN_INFINITE_RECURSION = YES;
				CLANG_WARN_INT_CONVERSION = YES;
				CLANG_WARN_NON_LITERAL_NULL_CONVERSION = YES;
				CLANG_WARN_OBJC_IMPLICIT_RETAIN_SELF = YES;
				CLANG_WARN_OBJC_LITERAL_CONVERSION = YES;
				CLANG_WARN_OBJC_ROOT_CLASS = YES_ERROR;
				CLANG_WARN_QUOTED_INCLUDE_IN_FRAMEWORK_HEADER = YES;
				CLANG_WARN_RANGE_LOOP_ANALYSIS = YES;
				CLANG_WARN_STRICT_PROTOTYPES = YES;
				CLANG_WARN_SUSPICIOUS_MOVE = YES;
				CLANG_WARN_UNGUARDED_AVAILABILITY = YES_AGGRESSIVE;
				CLANG_WARN_UNREACHABLE_CODE = YES;
				CLANG_WARN__DUPLICATE_METHOD_MATCH = YES;
				COPY_PHASE_STRIP = NO;
				DEBUG_INFORMATION_FORMAT = "dwarf-with-dsym";
				ENABLE_NS_ASSERTIONS = NO;
				ENABLE_STRICT_OBJC_MSGSEND = YES;
				ENABLE_USER_SCRIPT_SANDBOXING = YES;
				GCC_C_LANGUAGE_STANDARD = gnu17;
				GCC_NO_COMMON_BLOCKS = YES;
				GCC_WARN_64_TO_32_BIT_CONVERSION = YES;
				GCC_WARN_ABOUT_RETURN_TYPE = YES_ERROR;
				GCC_WARN_UNDECLARED_SELECTOR = YES;
				GCC_WARN_UNINITIALIZED_AUTOS = YES_AGGRESSIVE;
				GCC_WARN_UNUSED_FUNCTION = YES;
				GCC_WARN_UNUSED_VARIABLE = YES;
				IPHONEOS_DEPLOYMENT_TARGET = 17.5;
				LOCALIZATION_PREFERS_STRING_CATALOGS = YES;
				MTL_ENABLE_DEBUG_INFO = NO;
				MTL_FAST_MATH = YES;
				SDKROOT = iphoneos;
				SWIFT_COMPILATION_MODE = wholemodule;
				VALIDATE_PRODUCT = YES;
			};
			name = Release;
		};
		CCD3C8C82C2192BF00EC9C6B /* Debug */ = {
			isa = XCBuildConfiguration;
			buildSettings = {
				ASSETCATALOG_COMPILER_APPICON_NAME = AppIcon;
				ASSETCATALOG_COMPILER_GLOBAL_ACCENT_COLOR_NAME = AccentColor;
				CODE_SIGN_STYLE = Automatic;
				CURRENT_PROJECT_VERSION = 1;
				DEVELOPMENT_ASSET_PATHS = "\"TestProject/Preview Content\"";
				DEVELOPMENT_TEAM = MC22PVZ5ZR;
				ENABLE_PREVIEWS = YES;
				GENERATE_INFOPLIST_FILE = YES;
				INFOPLIST_KEY_UIApplicationSceneManifest_Generation = YES;
				INFOPLIST_KEY_UIApplicationSupportsIndirectInputEvents = YES;
				INFOPLIST_KEY_UILaunchScreen_Generation = YES;
				INFOPLIST_KEY_UISupportedInterfaceOrientations_iPad = "UIInterfaceOrientationPortrait UIInterfaceOrientationPortraitUpsideDown UIInterfaceOrientationLandscapeLeft UIInterfaceOrientationLandscapeRight";
				INFOPLIST_KEY_UISupportedInterfaceOrientations_iPhone = "UIInterfaceOrientationPortrait UIInterfaceOrientationLandscapeLeft UIInterfaceOrientationLandscapeRight";
				LD_RUNPATH_SEARCH_PATHS = (
					"$(inherited)",
					"@executable_path/Frameworks",
				);
				MARKETING_VERSION = 1.0;
				PRODUCT_BUNDLE_IDENTIFIER = com.3033.VisionDemo1.TestProject;
				PRODUCT_NAME = "$(TARGET_NAME)";
				SWIFT_EMIT_LOC_STRINGS = YES;
				SWIFT_VERSION = 5.0;
				TARGETED_DEVICE_FAMILY = "1,2";
			};
			name = Debug;
		};
		CCD3C8C92C2192BF00EC9C6B /* Release */ = {
			isa = XCBuildConfiguration;
			buildSettings = {
				ASSETCATALOG_COMPILER_APPICON_NAME = AppIcon;
				ASSETCATALOG_COMPILER_GLOBAL_ACCENT_COLOR_NAME = AccentColor;
				CODE_SIGN_STYLE = Automatic;
				CURRENT_PROJECT_VERSION = 1;
				DEVELOPMENT_ASSET_PATHS = "\"TestProject/Preview Content\"";
				DEVELOPMENT_TEAM = MC22PVZ5ZR;
				ENABLE_PREVIEWS = YES;
				GENERATE_INFOPLIST_FILE = YES;
				INFOPLIST_KEY_UIApplicationSceneManifest_Generation = YES;
				INFOPLIST_KEY_UIApplicationSupportsIndirectInputEvents = YES;
				INFOPLIST_KEY_UILaunchScreen_Generation = YES;
				INFOPLIST_KEY_UISupportedInterfaceOrientations_iPad = "UIInterfaceOrientationPortrait UIInterfaceOrientationPortraitUpsideDown UIInterfaceOrientationLandscapeLeft UIInterfaceOrientationLandscapeRight";
				INFOPLIST_KEY_UISupportedInterfaceOrientations_iPhone = "UIInterfaceOrientationPortrait UIInterfaceOrientationLandscapeLeft UIInterfaceOrientationLandscapeRight";
				LD_RUNPATH_SEARCH_PATHS = (
					"$(inherited)",
					"@executable_path/Frameworks",
				);
				MARKETING_VERSION = 1.0;
				PRODUCT_BUNDLE_IDENTIFIER = com.3033.VisionDemo1.TestProject;
				PRODUCT_NAME = "$(TARGET_NAME)";
				SWIFT_EMIT_LOC_STRINGS = YES;
				SWIFT_VERSION = 5.0;
				TARGETED_DEVICE_FAMILY = "1,2";
			};
			name = Release;
		};
		CCD3C8CB2C2192BF00EC9C6B /* Debug */ = {
			isa = XCBuildConfiguration;
			buildSettings = {
				ALWAYS_EMBED_SWIFT_STANDARD_LIBRARIES = YES;
				BUNDLE_LOADER = "$(TEST_HOST)";
				CODE_SIGN_STYLE = Automatic;
				CURRENT_PROJECT_VERSION = 1;
				DEVELOPMENT_TEAM = MC22PVZ5ZR;
				GENERATE_INFOPLIST_FILE = YES;
				IPHONEOS_DEPLOYMENT_TARGET = 17.5;
				MARKETING_VERSION = 1.0;
				PRODUCT_BUNDLE_IDENTIFIER = com.3033.VisionDemo1.TestProjectTests;
				PRODUCT_NAME = "$(TARGET_NAME)";
				SWIFT_EMIT_LOC_STRINGS = NO;
				SWIFT_VERSION = 5.0;
				TARGETED_DEVICE_FAMILY = "1,2";
				TEST_HOST = "$(BUILT_PRODUCTS_DIR)/TestProject.app/$(BUNDLE_EXECUTABLE_FOLDER_PATH)/TestProject";
			};
			name = Debug;
		};
		CCD3C8CC2C2192BF00EC9C6B /* Release */ = {
			isa = XCBuildConfiguration;
			buildSettings = {
				ALWAYS_EMBED_SWIFT_STANDARD_LIBRARIES = YES;
				BUNDLE_LOADER = "$(TEST_HOST)";
				CODE_SIGN_STYLE = Automatic;
				CURRENT_PROJECT_VERSION = 1;
				DEVELOPMENT_TEAM = MC22PVZ5ZR;
				GENERATE_INFOPLIST_FILE = YES;
				IPHONEOS_DEPLOYMENT_TARGET = 17.5;
				MARKETING_VERSION = 1.0;
				PRODUCT_BUNDLE_IDENTIFIER = com.3033.VisionDemo1.TestProjectTests;
				PRODUCT_NAME = "$(TARGET_NAME)";
				SWIFT_EMIT_LOC_STRINGS = NO;
				SWIFT_VERSION = 5.0;
				TARGETED_DEVICE_FAMILY = "1,2";
				TEST_HOST = "$(BUILT_PRODUCTS_DIR)/TestProject.app/$(BUNDLE_EXECUTABLE_FOLDER_PATH)/TestProject";
			};
			name = Release;
		};
		CCD3C8CE2C2192BF00EC9C6B /* Debug */ = {
			isa = XCBuildConfiguration;
			buildSettings = {
				ALWAYS_EMBED_SWIFT_STANDARD_LIBRARIES = YES;
				CODE_SIGN_STYLE = Automatic;
				CURRENT_PROJECT_VERSION = 1;
				DEVELOPMENT_TEAM = MC22PVZ5ZR;
				GENERATE_INFOPLIST_FILE = YES;
				MARKETING_VERSION = 1.0;
				PRODUCT_BUNDLE_IDENTIFIER = com.3033.VisionDemo1.TestProjectUITests;
				PRODUCT_NAME = "$(TARGET_NAME)";
				SWIFT_EMIT_LOC_STRINGS = NO;
				SWIFT_VERSION = 5.0;
				TARGETED_DEVICE_FAMILY = "1,2";
				TEST_TARGET_NAME = TestProject;
			};
			name = Debug;
		};
		CCD3C8CF2C2192BF00EC9C6B /* Release */ = {
			isa = XCBuildConfiguration;
			buildSettings = {
				ALWAYS_EMBED_SWIFT_STANDARD_LIBRARIES = YES;
				CODE_SIGN_STYLE = Automatic;
				CURRENT_PROJECT_VERSION = 1;
				DEVELOPMENT_TEAM = MC22PVZ5ZR;
				GENERATE_INFOPLIST_FILE = YES;
				MARKETING_VERSION = 1.0;
				PRODUCT_BUNDLE_IDENTIFIER = com.3033.VisionDemo1.TestProjectUITests;
				PRODUCT_NAME = "$(TARGET_NAME)";
				SWIFT_EMIT_LOC_STRINGS = NO;
				SWIFT_VERSION = 5.0;
				TARGETED_DEVICE_FAMILY = "1,2";
				TEST_TARGET_NAME = TestProject;
			};
			name = Release;
		};
/* End XCBuildConfiguration section */

/* Begin XCConfigurationList section */
		CCD3C89E2C2192BE00EC9C6B /* Build configuration list for PBXProject "TestProject" */ = {
			isa = XCConfigurationList;
			buildConfigurations = (
				CCD3C8C52C2192BF00EC9C6B /* Debug */,
				CCD3C8C62C2192BF00EC9C6B /* Release */,
			);
			defaultConfigurationIsVisible = 0;
			defaultConfigurationName = Release;
		};
		CCD3C8C72C2192BF00EC9C6B /* Build configuration list for PBXNativeTarget "TestProject" */ = {
			isa = XCConfigurationList;
			buildConfigurations = (
				CCD3C8C82C2192BF00EC9C6B /* Debug */,
				CCD3C8C92C2192BF00EC9C6B /* Release */,
			);
			defaultConfigurationIsVisible = 0;
			defaultConfigurationName = Release;
		};
		CCD3C8CA2C2192BF00EC9C6B /* Build configuration list for PBXNativeTarget "TestProjectTests" */ = {
			isa = XCConfigurationList;
			buildConfigurations = (
				CCD3C8CB2C2192BF00EC9C6B /* Debug */,
				CCD3C8CC2C2192BF00EC9C6B /* Release */,
			);
			defaultConfigurationIsVisible = 0;
			defaultConfigurationName = Release;
		};
		CCD3C8CD2C2192BF00EC9C6B /* Build configuration list for PBXNativeTarget "TestProjectUITests" */ = {
			isa = XCConfigurationList;
			buildConfigurations = (
				CCD3C8CE2C2192BF00EC9C6B /* Debug */,
				CCD3C8CF2C2192BF00EC9C6B /* Release */,
			);
			defaultConfigurationIsVisible = 0;
			defaultConfigurationName = Release;
		};
/* End XCConfigurationList section */
	};
	rootObject = CCD3C89B2C2192BE00EC9C6B /* Project object */;
}
